// !$*UTF8*$!
{
	archiveVersion = 1;
	classes = {
	};
	objectVersion = 77;
	objects = {

/* Begin PBXBuildFile section */
		0687AC2D76A783574F098924 /* Pods_weatherApp.framework in Frameworks */ = {isa = PBXBuildFile; fileRef = 374271A30F305E6169816025 /* Pods_weatherApp.framework */; };
		C67560C2CAF0B927A13C691B /* Pods_weatherApp_weatherAppUITests.framework in Frameworks */ = {isa = PBXBuildFile; fileRef = 688B436E195475138460EA91 /* Pods_weatherApp_weatherAppUITests.framework */; };
		EAB0135992567B0336B472D3 /* Pods_weatherAppTests.framework in Frameworks */ = {isa = PBXBuildFile; fileRef = 3509D22CD2EC9941BAB4709D /* Pods_weatherAppTests.framework */; };
/* End PBXBuildFile section */

/* Begin PBXContainerItemProxy section */
		139B42A72EB05A8F00488752 /* PBXContainerItemProxy */ = {
			isa = PBXContainerItemProxy;
			containerPortal = 139B42882EB05A8B00488752 /* Project object */;
			proxyType = 1;
			remoteGlobalIDString = 139B428F2EB05A8B00488752;
			remoteInfo = weatherApp;
		};
		139B42B12EB05A8F00488752 /* PBXContainerItemProxy */ = {
			isa = PBXContainerItemProxy;
			containerPortal = 139B42882EB05A8B00488752 /* Project object */;
			proxyType = 1;
			remoteGlobalIDString = 139B428F2EB05A8B00488752;
			remoteInfo = weatherApp;
		};
/* End PBXContainerItemProxy section */

/* Begin PBXFileReference section */
		029F93D8944686364E1F8CAE /* Pods-weatherApp.debug.xcconfig */ = {isa = PBXFileReference; includeInIndex = 1; lastKnownFileType = text.xcconfig; name = "Pods-weatherApp.debug.xcconfig"; path = "Target Support Files/Pods-weatherApp/Pods-weatherApp.debug.xcconfig"; sourceTree = "<group>"; };
		139B42902EB05A8B00488752 /* weatherApp.app */ = {isa = PBXFileReference; explicitFileType = wrapper.application; includeInIndex = 0; path = weatherApp.app; sourceTree = BUILT_PRODUCTS_DIR; };
		139B42A62EB05A8F00488752 /* weatherAppTests.xctest */ = {isa = PBXFileReference; explicitFileType = wrapper.cfbundle; includeInIndex = 0; path = weatherAppTests.xctest; sourceTree = BUILT_PRODUCTS_DIR; };
		139B42B02EB05A8F00488752 /* weatherAppUITests.xctest */ = {isa = PBXFileReference; explicitFileType = wrapper.cfbundle; includeInIndex = 0; path = weatherAppUITests.xctest; sourceTree = BUILT_PRODUCTS_DIR; };
		3509D22CD2EC9941BAB4709D /* Pods_weatherAppTests.framework */ = {isa = PBXFileReference; explicitFileType = wrapper.framework; includeInIndex = 0; path = Pods_weatherAppTests.framework; sourceTree = BUILT_PRODUCTS_DIR; };
		374271A30F305E6169816025 /* Pods_weatherApp.framework */ = {isa = PBXFileReference; explicitFileType = wrapper.framework; includeInIndex = 0; path = Pods_weatherApp.framework; sourceTree = BUILT_PRODUCTS_DIR; };
		59F29999544D75465EABE99C /* Pods-weatherApp-weatherAppUITests.release.xcconfig */ = {isa = PBXFileReference; includeInIndex = 1; lastKnownFileType = text.xcconfig; name = "Pods-weatherApp-weatherAppUITests.release.xcconfig"; path = "Target Support Files/Pods-weatherApp-weatherAppUITests/Pods-weatherApp-weatherAppUITests.release.xcconfig"; sourceTree = "<group>"; };
		688B436E195475138460EA91 /* Pods_weatherApp_weatherAppUITests.framework */ = {isa = PBXFileReference; explicitFileType = wrapper.framework; includeInIndex = 0; path = Pods_weatherApp_weatherAppUITests.framework; sourceTree = BUILT_PRODUCTS_DIR; };
		7768EB01AE8F7B7C375A223F /* Pods-weatherApp-weatherAppUITests.debug.xcconfig */ = {isa = PBXFileReference; includeInIndex = 1; lastKnownFileType = text.xcconfig; name = "Pods-weatherApp-weatherAppUITests.debug.xcconfig"; path = "Target Support Files/Pods-weatherApp-weatherAppUITests/Pods-weatherApp-weatherAppUITests.debug.xcconfig"; sourceTree = "<group>"; };
		8395AFDBC7EACDDB4B32FEA2 /* Pods-weatherAppTests.release.xcconfig */ = {isa = PBXFileReference; includeInIndex = 1; lastKnownFileType = text.xcconfig; name = "Pods-weatherAppTests.release.xcconfig"; path = "Target Support Files/Pods-weatherAppTests/Pods-weatherAppTests.release.xcconfig"; sourceTree = "<group>"; };
		C6034BDE1E46F13711E902C9 /* Pods-weatherAppTests.debug.xcconfig */ = {isa = PBXFileReference; includeInIndex = 1; lastKnownFileType = text.xcconfig; name = "Pods-weatherAppTests.debug.xcconfig"; path = "Target Support Files/Pods-weatherAppTests/Pods-weatherAppTests.debug.xcconfig"; sourceTree = "<group>"; };
		CF745F7209B2D1FEB8D3B82B /* Pods-weatherApp.release.xcconfig */ = {isa = PBXFileReference; includeInIndex = 1; lastKnownFileType = text.xcconfig; name = "Pods-weatherApp.release.xcconfig"; path = "Target Support Files/Pods-weatherApp/Pods-weatherApp.release.xcconfig"; sourceTree = "<group>"; };
/* End PBXFileReference section */

/* Begin PBXFileSystemSynchronizedBuildFileExceptionSet section */
		139B42B82EB05A8F00488752 /* Exceptions for "weatherApp" folder in "weatherApp" target */ = {
			isa = PBXFileSystemSynchronizedBuildFileExceptionSet;
			membershipExceptions = (
				Info.plist,
			);
			target = 139B428F2EB05A8B00488752 /* weatherApp */;
		};
/* End PBXFileSystemSynchronizedBuildFileExceptionSet section */

/* Begin PBXFileSystemSynchronizedRootGroup section */
		139B42922EB05A8B00488752 /* weatherApp */ = {
			isa = PBXFileSystemSynchronizedRootGroup;
			exceptions = (
				139B42B82EB05A8F00488752 /* Exceptions for "weatherApp" folder in "weatherApp" target */,
			);
			path = weatherApp;
			sourceTree = "<group>";
		};
		139B42A92EB05A8F00488752 /* weatherAppTests */ = {
			isa = PBXFileSystemSynchronizedRootGroup;
			path = weatherAppTests;
			sourceTree = "<group>";
		};
		139B42B32EB05A8F00488752 /* weatherAppUITests */ = {
			isa = PBXFileSystemSynchronizedRootGroup;
			path = weatherAppUITests;
			sourceTree = "<group>";
		};
/* End PBXFileSystemSynchronizedRootGroup section */

/* Begin PBXFrameworksBuildPhase section */
		139B428D2EB05A8B00488752 /* Frameworks */ = {
			isa = PBXFrameworksBuildPhase;
			buildActionMask = 2147483647;
			files = (
				0687AC2D76A783574F098924 /* Pods_weatherApp.framework in Frameworks */,
			);
			runOnlyForDeploymentPostprocessing = 0;
		};
		139B42A32EB05A8F00488752 /* Frameworks */ = {
			isa = PBXFrameworksBuildPhase;
			buildActionMask = 2147483647;
			files = (
				EAB0135992567B0336B472D3 /* Pods_weatherAppTests.framework in Frameworks */,
			);
			runOnlyForDeploymentPostprocessing = 0;
		};
		139B42AD2EB05A8F00488752 /* Frameworks */ = {
			isa = PBXFrameworksBuildPhase;
			buildActionMask = 2147483647;
			files = (
				C67560C2CAF0B927A13C691B /* Pods_weatherApp_weatherAppUITests.framework in Frameworks */,
			);
			runOnlyForDeploymentPostprocessing = 0;
		};
/* End PBXFrameworksBuildPhase section */

/* Begin PBXGroup section */
		139B42872EB05A8B00488752 = {
			isa = PBXGroup;
			children = (
				139B42922EB05A8B00488752 /* weatherApp */,
				139B42A92EB05A8F00488752 /* weatherAppTests */,
				139B42B32EB05A8F00488752 /* weatherAppUITests */,
				139B42912EB05A8B00488752 /* Products */,
				2CE4109D186236A5906E0F80 /* Pods */,
				18E7152ABEBBB1D2019202EF /* Frameworks */,
			);
			sourceTree = "<group>";
		};
		139B42912EB05A8B00488752 /* Products */ = {
			isa = PBXGroup;
			children = (
				139B42902EB05A8B00488752 /* weatherApp.app */,
				139B42A62EB05A8F00488752 /* weatherAppTests.xctest */,
				139B42B02EB05A8F00488752 /* weatherAppUITests.xctest */,
			);
			name = Products;
			sourceTree = "<group>";
		};
		18E7152ABEBBB1D2019202EF /* Frameworks */ = {
			isa = PBXGroup;
			children = (
				374271A30F305E6169816025 /* Pods_weatherApp.framework */,
				688B436E195475138460EA91 /* Pods_weatherApp_weatherAppUITests.framework */,
				3509D22CD2EC9941BAB4709D /* Pods_weatherAppTests.framework */,
			);
			name = Frameworks;
			sourceTree = "<group>";
		};
		2CE4109D186236A5906E0F80 /* Pods */ = {
			isa = PBXGroup;
			children = (
				029F93D8944686364E1F8CAE /* Pods-weatherApp.debug.xcconfig */,
				CF745F7209B2D1FEB8D3B82B /* Pods-weatherApp.release.xcconfig */,
				7768EB01AE8F7B7C375A223F /* Pods-weatherApp-weatherAppUITests.debug.xcconfig */,
				59F29999544D75465EABE99C /* Pods-weatherApp-weatherAppUITests.release.xcconfig */,
				C6034BDE1E46F13711E902C9 /* Pods-weatherAppTests.debug.xcconfig */,
				8395AFDBC7EACDDB4B32FEA2 /* Pods-weatherAppTests.release.xcconfig */,
			);
			path = Pods;
			sourceTree = "<group>";
		};
/* End PBXGroup section */

/* Begin PBXNativeTarget section */
		139B428F2EB05A8B00488752 /* weatherApp */ = {
			isa = PBXNativeTarget;
			buildConfigurationList = 139B42B92EB05A8F00488752 /* Build configuration list for PBXNativeTarget "weatherApp" */;
			buildPhases = (
				CE566D22C1790782BAD84F91 /* [CP] Check Pods Manifest.lock */,
				139B428C2EB05A8B00488752 /* Sources */,
				139B428D2EB05A8B00488752 /* Frameworks */,
				139B428E2EB05A8B00488752 /* Resources */,
				B2A1B361E82C34D8C5FBEEC8 /* [CP] Copy Pods Resources */,
			);
			buildRules = (
			);
			dependencies = (
			);
			fileSystemSynchronizedGroups = (
				139B42922EB05A8B00488752 /* weatherApp */,
			);
			name = weatherApp;
			productName = weatherApp;
			productReference = 139B42902EB05A8B00488752 /* weatherApp.app */;
			productType = "com.apple.product-type.application";
		};
		139B42A52EB05A8F00488752 /* weatherAppTests */ = {
			isa = PBXNativeTarget;
			buildConfigurationList = 139B42BE2EB05A8F00488752 /* Build configuration list for PBXNativeTarget "weatherAppTests" */;
			buildPhases = (
				F64B73F75052DAB79CFDE94E /* [CP] Check Pods Manifest.lock */,
				139B42A22EB05A8F00488752 /* Sources */,
				139B42A32EB05A8F00488752 /* Frameworks */,
				139B42A42EB05A8F00488752 /* Resources */,
			);
			buildRules = (
			);
			dependencies = (
				139B42A82EB05A8F00488752 /* PBXTargetDependency */,
			);
			fileSystemSynchronizedGroups = (
				139B42A92EB05A8F00488752 /* weatherAppTests */,
			);
			name = weatherAppTests;
			productName = weatherAppTests;
			productReference = 139B42A62EB05A8F00488752 /* weatherAppTests.xctest */;
			productType = "com.apple.product-type.bundle.unit-test";
		};
		139B42AF2EB05A8F00488752 /* weatherAppUITests */ = {
			isa = PBXNativeTarget;
			buildConfigurationList = 139B42C12EB05A8F00488752 /* Build configuration list for PBXNativeTarget "weatherAppUITests" */;
			buildPhases = (
				86EB2607693DBACA77FB1B65 /* [CP] Check Pods Manifest.lock */,
				139B42AC2EB05A8F00488752 /* Sources */,
				139B42AD2EB05A8F00488752 /* Frameworks */,
				139B42AE2EB05A8F00488752 /* Resources */,
				BFEE405EEFE5C0DCE4189A79 /* [CP] Copy Pods Resources */,
			);
			buildRules = (
			);
			dependencies = (
				139B42B22EB05A8F00488752 /* PBXTargetDependency */,
			);
			fileSystemSynchronizedGroups = (
				139B42B32EB05A8F00488752 /* weatherAppUITests */,
			);
			name = weatherAppUITests;
			productName = weatherAppUITests;
			productReference = 139B42B02EB05A8F00488752 /* weatherAppUITests.xctest */;
			productType = "com.apple.product-type.bundle.ui-testing";
		};
/* End PBXNativeTarget section */

/* Begin PBXProject section */
		139B42882EB05A8B00488752 /* Project object */ = {
			isa = PBXProject;
			attributes = {
				BuildIndependentTargetsInParallel = 1;
				LastSwiftUpdateCheck = 1640;
				LastUpgradeCheck = 1640;
				TargetAttributes = {
					139B428F2EB05A8B00488752 = {
						CreatedOnToolsVersion = 16.4;
					};
					139B42A52EB05A8F00488752 = {
						CreatedOnToolsVersion = 16.4;
						TestTargetID = 139B428F2EB05A8B00488752;
					};
					139B42AF2EB05A8F00488752 = {
						CreatedOnToolsVersion = 16.4;
						TestTargetID = 139B428F2EB05A8B00488752;
					};
				};
			};
			buildConfigurationList = 139B428B2EB05A8B00488752 /* Build configuration list for PBXProject "weatherApp" */;
			developmentRegion = en;
			hasScannedForEncodings = 0;
			knownRegions = (
				en,
				Base,
			);
			mainGroup = 139B42872EB05A8B00488752;
			minimizedProjectReferenceProxies = 1;
			preferredProjectObjectVersion = 77;
			productRefGroup = 139B42912EB05A8B00488752 /* Products */;
			projectDirPath = "";
			projectRoot = "";
			targets = (
				139B428F2EB05A8B00488752 /* weatherApp */,
				139B42A52EB05A8F00488752 /* weatherAppTests */,
				139B42AF2EB05A8F00488752 /* weatherAppUITests */,
			);
		};
/* End PBXProject section */

/* Begin PBXResourcesBuildPhase section */
		139B428E2EB05A8B00488752 /* Resources */ = {
			isa = PBXResourcesBuildPhase;
			buildActionMask = 2147483647;
			files = (
			);
			runOnlyForDeploymentPostprocessing = 0;
		};
		139B42A42EB05A8F00488752 /* Resources */ = {
			isa = PBXResourcesBuildPhase;
			buildActionMask = 2147483647;
			files = (
			);
			runOnlyForDeploymentPostprocessing = 0;
		};
		139B42AE2EB05A8F00488752 /* Resources */ = {
			isa = PBXResourcesBuildPhase;
			buildActionMask = 2147483647;
			files = (
			);
			runOnlyForDeploymentPostprocessing = 0;
		};
/* End PBXResourcesBuildPhase section */

/* Begin PBXShellScriptBuildPhase section */
		86EB2607693DBACA77FB1B65 /* [CP] Check Pods Manifest.lock */ = {
			isa = PBXShellScriptBuildPhase;
			buildActionMask = 2147483647;
			files = (
			);
			inputFileListPaths = (
			);
			inputPaths = (
				"${PODS_PODFILE_DIR_PATH}/Podfile.lock",
				"${PODS_ROOT}/Manifest.lock",
			);
			name = "[CP] Check Pods Manifest.lock";
			outputFileListPaths = (
			);
			outputPaths = (
				"$(DERIVED_FILE_DIR)/Pods-weatherApp-weatherAppUITests-checkManifestLockResult.txt",
			);
			runOnlyForDeploymentPostprocessing = 0;
			shellPath = /bin/sh;
			shellScript = "diff \"${PODS_PODFILE_DIR_PATH}/Podfile.lock\" \"${PODS_ROOT}/Manifest.lock\" > /dev/null\nif [ $? != 0 ] ; then\n    # print error to STDERR\n    echo \"error: The sandbox is not in sync with the Podfile.lock. Run 'pod install' or update your CocoaPods installation.\" >&2\n    exit 1\nfi\n# This output is used by Xcode 'outputs' to avoid re-running this script phase.\necho \"SUCCESS\" > \"${SCRIPT_OUTPUT_FILE_0}\"\n";
			showEnvVarsInLog = 0;
		};
		B2A1B361E82C34D8C5FBEEC8 /* [CP] Copy Pods Resources */ = {
			isa = PBXShellScriptBuildPhase;
			buildActionMask = 2147483647;
			files = (
			);
			inputFileListPaths = (
				"${PODS_ROOT}/Target Support Files/Pods-weatherApp/Pods-weatherApp-resources-${CONFIGURATION}-input-files.xcfilelist",
			);
			inputPaths = (
			);
			name = "[CP] Copy Pods Resources";
			outputFileListPaths = (
				"${PODS_ROOT}/Target Support Files/Pods-weatherApp/Pods-weatherApp-resources-${CONFIGURATION}-output-files.xcfilelist",
			);
			outputPaths = (
			);
			runOnlyForDeploymentPostprocessing = 0;
			shellPath = /bin/sh;
			shellScript = "\"${PODS_ROOT}/Target Support Files/Pods-weatherApp/Pods-weatherApp-resources.sh\"\n";
			showEnvVarsInLog = 0;
		};
		BFEE405EEFE5C0DCE4189A79 /* [CP] Copy Pods Resources */ = {
			isa = PBXShellScriptBuildPhase;
			buildActionMask = 2147483647;
			files = (
			);
			inputFileListPaths = (
				"${PODS_ROOT}/Target Support Files/Pods-weatherApp-weatherAppUITests/Pods-weatherApp-weatherAppUITests-resources-${CONFIGURATION}-input-files.xcfilelist",
			);
			inputPaths = (
			);
			name = "[CP] Copy Pods Resources";
			outputFileListPaths = (
				"${PODS_ROOT}/Target Support Files/Pods-weatherApp-weatherAppUITests/Pods-weatherApp-weatherAppUITests-resources-${CONFIGURATION}-output-files.xcfilelist",
			);
			outputPaths = (
			);
			runOnlyForDeploymentPostprocessing = 0;
			shellPath = /bin/sh;
			shellScript = "\"${PODS_ROOT}/Target Support Files/Pods-weatherApp-weatherAppUITests/Pods-weatherApp-weatherAppUITests-resources.sh\"\n";
			showEnvVarsInLog = 0;
		};
		CE566D22C1790782BAD84F91 /* [CP] Check Pods Manifest.lock */ = {
			isa = PBXShellScriptBuildPhase;
			buildActionMask = 2147483647;
			files = (
			);
			inputFileListPaths = (
			);
			inputPaths = (
				"${PODS_PODFILE_DIR_PATH}/Podfile.lock",
				"${PODS_ROOT}/Manifest.lock",
			);
			name = "[CP] Check Pods Manifest.lock";
			outputFileListPaths = (
			);
			outputPaths = (
				"$(DERIVED_FILE_DIR)/Pods-weatherApp-checkManifestLockResult.txt",
			);
			runOnlyForDeploymentPostprocessing = 0;
			shellPath = /bin/sh;
			shellScript = "diff \"${PODS_PODFILE_DIR_PATH}/Podfile.lock\" \"${PODS_ROOT}/Manifest.lock\" > /dev/null\nif [ $? != 0 ] ; then\n    # print error to STDERR\n    echo \"error: The sandbox is not in sync with the Podfile.lock. Run 'pod install' or update your CocoaPods installation.\" >&2\n    exit 1\nfi\n# This output is used by Xcode 'outputs' to avoid re-running this script phase.\necho \"SUCCESS\" > \"${SCRIPT_OUTPUT_FILE_0}\"\n";
			showEnvVarsInLog = 0;
		};
		F64B73F75052DAB79CFDE94E /* [CP] Check Pods Manifest.lock */ = {
			isa = PBXShellScriptBuildPhase;
			buildActionMask = 2147483647;
			files = (
			);
			inputFileListPaths = (
			);
			inputPaths = (
				"${PODS_PODFILE_DIR_PATH}/Podfile.lock",
				"${PODS_ROOT}/Manifest.lock",
			);
			name = "[CP] Check Pods Manifest.lock";
			outputFileListPaths = (
			);
			outputPaths = (
				"$(DERIVED_FILE_DIR)/Pods-weatherAppTests-checkManifestLockResult.txt",
			);
			runOnlyForDeploymentPostprocessing = 0;
			shellPath = /bin/sh;
			shellScript = "diff \"${PODS_PODFILE_DIR_PATH}/Podfile.lock\" \"${PODS_ROOT}/Manifest.lock\" > /dev/null\nif [ $? != 0 ] ; then\n    # print error to STDERR\n    echo \"error: The sandbox is not in sync with the Podfile.lock. Run 'pod install' or update your CocoaPods installation.\" >&2\n    exit 1\nfi\n# This output is used by Xcode 'outputs' to avoid re-running this script phase.\necho \"SUCCESS\" > \"${SCRIPT_OUTPUT_FILE_0}\"\n";
			showEnvVarsInLog = 0;
		};
/* End PBXShellScriptBuildPhase section */

/* Begin PBXSourcesBuildPhase section */
		139B428C2EB05A8B00488752 /* Sources */ = {
			isa = PBXSourcesBuildPhase;
			buildActionMask = 2147483647;
			files = (
			);
			runOnlyForDeploymentPostprocessing = 0;
		};
		139B42A22EB05A8F00488752 /* Sources */ = {
			isa = PBXSourcesBuildPhase;
			buildActionMask = 2147483647;
			files = (
			);
			runOnlyForDeploymentPostprocessing = 0;
		};
		139B42AC2EB05A8F00488752 /* Sources */ = {
			isa = PBXSourcesBuildPhase;
			buildActionMask = 2147483647;
			files = (
			);
			runOnlyForDeploymentPostprocessing = 0;
		};
/* End PBXSourcesBuildPhase section */

/* Begin PBXTargetDependency section */
		139B42A82EB05A8F00488752 /* PBXTargetDependency */ = {
			isa = PBXTargetDependency;
			target = 139B428F2EB05A8B00488752 /* weatherApp */;
			targetProxy = 139B42A72EB05A8F00488752 /* PBXContainerItemProxy */;
		};
		139B42B22EB05A8F00488752 /* PBXTargetDependency */ = {
			isa = PBXTargetDependency;
			target = 139B428F2EB05A8B00488752 /* weatherApp */;
			targetProxy = 139B42B12EB05A8F00488752 /* PBXContainerItemProxy */;
		};
/* End PBXTargetDependency section */

/* Begin XCBuildConfiguration section */
		139B42BA2EB05A8F00488752 /* Debug */ = {
			isa = XCBuildConfiguration;
			baseConfigurationReference = 029F93D8944686364E1F8CAE /* Pods-weatherApp.debug.xcconfig */;
			buildSettings = {
				ASSETCATALOG_COMPILER_APPICON_NAME = AppIcon;
				ASSETCATALOG_COMPILER_GLOBAL_ACCENT_COLOR_NAME = AccentColor;
				CODE_SIGN_STYLE = Automatic;
				CURRENT_PROJECT_VERSION = 1;
				ENABLE_USER_SCRIPT_SANDBOXING = NO;
				GENERATE_INFOPLIST_FILE = YES;
				INFOPLIST_FILE = weatherApp/Info.plist;
				INFOPLIST_KEY_NSLocationUsageDescription = "We need you location to obtain your current weather";
				INFOPLIST_KEY_NSLocationWhenInUseUsageDescription = "We need you location to obtain your current weather";
				INFOPLIST_KEY_UIApplicationSupportsIndirectInputEvents = YES;
				INFOPLIST_KEY_UILaunchStoryboardName = LaunchScreen;
				INFOPLIST_KEY_UIMainStoryboardFile = Main;
				INFOPLIST_KEY_UISupportedInterfaceOrientations_iPad = "UIInterfaceOrientationPortrait UIInterfaceOrientationPortraitUpsideDown UIInterfaceOrientationLandscapeLeft UIInterfaceOrientationLandscapeRight";
				INFOPLIST_KEY_UISupportedInterfaceOrientations_iPhone = "UIInterfaceOrientationPortrait UIInterfaceOrientationLandscapeLeft UIInterfaceOrientationLandscapeRight";
				LD_RUNPATH_SEARCH_PATHS = (
					"$(inherited)",
					"@executable_path/Frameworks",
				);
				MARKETING_VERSION = 1.0;
				NEW_SETTING = "";
				PRODUCT_BUNDLE_IDENTIFIER = emma.weatherApp;
				PRODUCT_NAME = "$(TARGET_NAME)";
				SWIFT_EMIT_LOC_STRINGS = YES;
				SWIFT_VERSION = 5.0;
				TARGETED_DEVICE_FAMILY = "1,2";
			};
			name = Debug;
		};
		139B42BB2EB05A8F00488752 /* Release */ = {
			isa = XCBuildConfiguration;
			baseConfigurationReference = CF745F7209B2D1FEB8D3B82B /* Pods-weatherApp.release.xcconfig */;
			buildSettings = {
				ASSETCATALOG_COMPILER_APPICON_NAME = AppIcon;
				ASSETCATALOG_COMPILER_GLOBAL_ACCENT_COLOR_NAME = AccentColor;
				CODE_SIGN_STYLE = Automatic;
				CURRENT_PROJECT_VERSION = 1;
				ENABLE_USER_SCRIPT_SANDBOXING = NO;
				GENERATE_INFOPLIST_FILE = YES;
				INFOPLIST_FILE = weatherApp/Info.plist;
				INFOPLIST_KEY_NSLocationUsageDescription = "We need you location to obtain your current weather";
				INFOPLIST_KEY_NSLocationWhenInUseUsageDescription = "We need you location to obtain your current weather";
				INFOPLIST_KEY_UIApplicationSupportsIndirectInputEvents = YES;
				INFOPLIST_KEY_UILaunchStoryboardName = LaunchScreen;
				INFOPLIST_KEY_UIMainStoryboardFile = Main;
				INFOPLIST_KEY_UISupportedInterfaceOrientations_iPad = "UIInterfaceOrientationPortrait UIInterfaceOrientationPortraitUpsideDown UIInterfaceOrientationLandscapeLeft UIInterfaceOrientationLandscapeRight";
				INFOPLIST_KEY_UISupportedInterfaceOrientations_iPhone = "UIInterfaceOrientationPortrait UIInterfaceOrientationLandscapeLeft UIInterfaceOrientationLandscapeRight";
				LD_RUNPATH_SEARCH_PATHS = (
					"$(inherited)",
					"@executable_path/Frameworks",
				);
				MARKETING_VERSION = 1.0;
				NEW_SETTING = "";
				PRODUCT_BUNDLE_IDENTIFIER = emma.weatherApp;
				PRODUCT_NAME = "$(TARGET_NAME)";
				SWIFT_EMIT_LOC_STRINGS = YES;
				SWIFT_VERSION = 5.0;
				TARGETED_DEVICE_FAMILY = "1,2";
			};
			name = Release;
		};
		139B42BC2EB05A8F00488752 /* Debug */ = {
			isa = XCBuildConfiguration;
			buildSettings = {
				ALWAYS_SEARCH_USER_PATHS = NO;
				ASSETCATALOG_COMPILER_GENERATE_SWIFT_ASSET_SYMBOL_EXTENSIONS = YES;
				CLANG_ANALYZER_NONNULL = YES;
				CLANG_ANALYZER_NUMBER_OBJECT_CONVERSION = YES_AGGRESSIVE;
				CLANG_CXX_LANGUAGE_STANDARD = "gnu++20";
				CLANG_ENABLE_MODULES = YES;
				CLANG_ENABLE_OBJC_ARC = YES;
				CLANG_ENABLE_OBJC_WEAK = YES;
				CLANG_WARN_BLOCK_CAPTURE_AUTORELEASING = YES;
				CLANG_WARN_BOOL_CONVERSION = YES;
				CLANG_WARN_COMMA = YES;
				CLANG_WARN_CONSTANT_CONVERSION = YES;
				CLANG_WARN_DEPRECATED_OBJC_IMPLEMENTATIONS = YES;
				CLANG_WARN_DIRECT_OBJC_ISA_USAGE = YES_ERROR;
				CLANG_WARN_DOCUMENTATION_COMMENTS = YES;
				CLANG_WARN_EMPTY_BODY = YES;
				CLANG_WARN_ENUM_CONVERSION = YES;
				CLANG_WARN_INFINITE_RECURSION = YES;
				CLANG_WARN_INT_CONVERSION = YES;
				CLANG_WARN_NON_LITERAL_NULL_CONVERSION = YES;
				CLANG_WARN_OBJC_IMPLICIT_RETAIN_SELF = YES;
				CLANG_WARN_OBJC_LITERAL_CONVERSION = YES;
				CLANG_WARN_OBJC_ROOT_CLASS = YES_ERROR;
				CLANG_WARN_QUOTED_INCLUDE_IN_FRAMEWORK_HEADER = YES;
				CLANG_WARN_RANGE_LOOP_ANALYSIS = YES;
				CLANG_WARN_STRICT_PROTOTYPES = YES;
				CLANG_WARN_SUSPICIOUS_MOVE = YES;
				CLANG_WARN_UNGUARDED_AVAILABILITY = YES_AGGRESSIVE;
				CLANG_WARN_UNREACHABLE_CODE = YES;
				CLANG_WARN__DUPLICATE_METHOD_MATCH = YES;
				COPY_PHASE_STRIP = NO;
				DEBUG_INFORMATION_FORMAT = dwarf;
				ENABLE_STRICT_OBJC_MSGSEND = YES;
				ENABLE_TESTABILITY = YES;
				ENABLE_USER_SCRIPT_SANDBOXING = YES;
				GCC_C_LANGUAGE_STANDARD = gnu17;
				GCC_DYNAMIC_NO_PIC = NO;
				GCC_NO_COMMON_BLOCKS = YES;
				GCC_OPTIMIZATION_LEVEL = 0;
				GCC_PREPROCESSOR_DEFINITIONS = (
					"DEBUG=1",
					"$(inherited)",
				);
				GCC_WARN_64_TO_32_BIT_CONVERSION = YES;
				GCC_WARN_ABOUT_RETURN_TYPE = YES_ERROR;
				GCC_WARN_UNDECLARED_SELECTOR = YES;
				GCC_WARN_UNINITIALIZED_AUTOS = YES_AGGRESSIVE;
				GCC_WARN_UNUSED_FUNCTION = YES;
				GCC_WARN_UNUSED_VARIABLE = YES;
				IPHONEOS_DEPLOYMENT_TARGET = 18.5;
				LOCALIZATION_PREFERS_STRING_CATALOGS = YES;
				MTL_ENABLE_DEBUG_INFO = INCLUDE_SOURCE;
				MTL_FAST_MATH = YES;
				ONLY_ACTIVE_ARCH = YES;
				SDKROOT = iphoneos;
				SWIFT_ACTIVE_COMPILATION_CONDITIONS = "DEBUG $(inherited)";
				SWIFT_OPTIMIZATION_LEVEL = "-Onone";
			};
			name = Debug;
		};
		139B42BD2EB05A8F00488752 /* Release */ = {
			isa = XCBuildConfiguration;
			buildSettings = {
				ALWAYS_SEARCH_USER_PATHS = NO;
				ASSETCATALOG_COMPILER_GENERATE_SWIFT_ASSET_SYMBOL_EXTENSIONS = YES;
				CLANG_ANALYZER_NONNULL = YES;
				CLANG_ANALYZER_NUMBER_OBJECT_CONVERSION = YES_AGGRESSIVE;
				CLANG_CXX_LANGUAGE_STANDARD = "gnu++20";
				CLANG_ENABLE_MODULES = YES;
				CLANG_ENABLE_OBJC_ARC = YES;
				CLANG_ENABLE_OBJC_WEAK = YES;
				CLANG_WARN_BLOCK_CAPTURE_AUTORELEASING = YES;
				CLANG_WARN_BOOL_CONVERSION = YES;
				CLANG_WARN_COMMA = YES;
				CLANG_WARN_CONSTANT_CONVERSION = YES;
				CLANG_WARN_DEPRECATED_OBJC_IMPLEMENTATIONS = YES;
				CLANG_WARN_DIRECT_OBJC_ISA_USAGE = YES_ERROR;
				CLANG_WARN_DOCUMENTATION_COMMENTS = YES;
				CLANG_WARN_EMPTY_BODY = YES;
				CLANG_WARN_ENUM_CONVERSION = YES;
				CLANG_WARN_INFINITE_RECURSION = YES;
				CLANG_WARN_INT_CONVERSION = YES;
				CLANG_WARN_NON_LITERAL_NULL_CONVERSION = YES;
				CLANG_WARN_OBJC_IMPLICIT_RETAIN_SELF = YES;
				CLANG_WARN_OBJC_LITERAL_CONVERSION = YES;
				CLANG_WARN_OBJC_ROOT_CLASS = YES_ERROR;
				CLANG_WARN_QUOTED_INCLUDE_IN_FRAMEWORK_HEADER = YES;
				CLANG_WARN_RANGE_LOOP_ANALYSIS = YES;
				CLANG_WARN_STRICT_PROTOTYPES = YES;
				CLANG_WARN_SUSPICIOUS_MOVE = YES;
				CLANG_WARN_UNGUARDED_AVAILABILITY = YES_AGGRESSIVE;
				CLANG_WARN_UNREACHABLE_CODE = YES;
				CLANG_WARN__DUPLICATE_METHOD_MATCH = YES;
				COPY_PHASE_STRIP = NO;
				DEBUG_INFORMATION_FORMAT = "dwarf-with-dsym";
				ENABLE_NS_ASSERTIONS = NO;
				ENABLE_STRICT_OBJC_MSGSEND = YES;
				ENABLE_USER_SCRIPT_SANDBOXING = YES;
				GCC_C_LANGUAGE_STANDARD = gnu17;
				GCC_NO_COMMON_BLOCKS = YES;
				GCC_WARN_64_TO_32_BIT_CONVERSION = YES;
				GCC_WARN_ABOUT_RETURN_TYPE = YES_ERROR;
				GCC_WARN_UNDECLARED_SELECTOR = YES;
				GCC_WARN_UNINITIALIZED_AUTOS = YES_AGGRESSIVE;
				GCC_WARN_UNUSED_FUNCTION = YES;
				GCC_WARN_UNUSED_VARIABLE = YES;
				IPHONEOS_DEPLOYMENT_TARGET = 18.5;
				LOCALIZATION_PREFERS_STRING_CATALOGS = YES;
				MTL_ENABLE_DEBUG_INFO = NO;
				MTL_FAST_MATH = YES;
				SDKROOT = iphoneos;
				SWIFT_COMPILATION_MODE = wholemodule;
				VALIDATE_PRODUCT = YES;
			};
			name = Release;
		};
		139B42BF2EB05A8F00488752 /* Debug */ = {
			isa = XCBuildConfiguration;
			baseConfigurationReference = C6034BDE1E46F13711E902C9 /* Pods-weatherAppTests.debug.xcconfig */;
			buildSettings = {
				BUNDLE_LOADER = "$(TEST_HOST)";
				CODE_SIGN_STYLE = Automatic;
				CURRENT_PROJECT_VERSION = 1;
				GENERATE_INFOPLIST_FILE = YES;
				IPHONEOS_DEPLOYMENT_TARGET = 18.5;
				MARKETING_VERSION = 1.0;
				PRODUCT_BUNDLE_IDENTIFIER = emma.weatherAppTests;
				PRODUCT_NAME = "$(TARGET_NAME)";
				SWIFT_EMIT_LOC_STRINGS = NO;
				SWIFT_VERSION = 5.0;
				TARGETED_DEVICE_FAMILY = "1,2";
				TEST_HOST = "$(BUILT_PRODUCTS_DIR)/weatherApp.app/$(BUNDLE_EXECUTABLE_FOLDER_PATH)/weatherApp";
			};
			name = Debug;
		};
		139B42C02EB05A8F00488752 /* Release */ = {
			isa = XCBuildConfiguration;
			baseConfigurationReference = 8395AFDBC7EACDDB4B32FEA2 /* Pods-weatherAppTests.release.xcconfig */;
			buildSettings = {
				BUNDLE_LOADER = "$(TEST_HOST)";
				CODE_SIGN_STYLE = Automatic;
				CURRENT_PROJECT_VERSION = 1;
				GENERATE_INFOPLIST_FILE = YES;
				IPHONEOS_DEPLOYMENT_TARGET = 18.5;
				MARKETING_VERSION = 1.0;
				PRODUCT_BUNDLE_IDENTIFIER = emma.weatherAppTests;
				PRODUCT_NAME = "$(TARGET_NAME)";
				SWIFT_EMIT_LOC_STRINGS = NO;
				SWIFT_VERSION = 5.0;
				TARGETED_DEVICE_FAMILY = "1,2";
				TEST_HOST = "$(BUILT_PRODUCTS_DIR)/weatherApp.app/$(BUNDLE_EXECUTABLE_FOLDER_PATH)/weatherApp";
			};
			name = Release;
		};
		139B42C22EB05A8F00488752 /* Debug */ = {
			isa = XCBuildConfiguration;
			baseConfigurationReference = 7768EB01AE8F7B7C375A223F /* Pods-weatherApp-weatherAppUITests.debug.xcconfig */;
			buildSettings = {
				CODE_SIGN_STYLE = Automatic;
				CURRENT_PROJECT_VERSION = 1;
				GENERATE_INFOPLIST_FILE = YES;
				MARKETING_VERSION = 1.0;
				PRODUCT_BUNDLE_IDENTIFIER = emma.weatherAppUITests;
				PRODUCT_NAME = "$(TARGET_NAME)";
				SWIFT_EMIT_LOC_STRINGS = NO;
				SWIFT_VERSION = 5.0;
				TARGETED_DEVICE_FAMILY = "1,2";
				TEST_TARGET_NAME = weatherApp;
			};
			name = Debug;
		};
		139B42C32EB05A8F00488752 /* Release */ = {
			isa = XCBuildConfiguration;
			baseConfigurationReference = 59F29999544D75465EABE99C /* Pods-weatherApp-weatherAppUITests.release.xcconfig */;
			buildSettings = {
				CODE_SIGN_STYLE = Automatic;
				CURRENT_PROJECT_VERSION = 1;
				GENERATE_INFOPLIST_FILE = YES;
				MARKETING_VERSION = 1.0;
				PRODUCT_BUNDLE_IDENTIFIER = emma.weatherAppUITests;
				PRODUCT_NAME = "$(TARGET_NAME)";
				SWIFT_EMIT_LOC_STRINGS = NO;
				SWIFT_VERSION = 5.0;
				TARGETED_DEVICE_FAMILY = "1,2";
				TEST_TARGET_NAME = weatherApp;
			};
			name = Release;
		};
/* End XCBuildConfiguration section */

/* Begin XCConfigurationList section */
		139B428B2EB05A8B00488752 /* Build configuration list for PBXProject "weatherApp" */ = {
			isa = XCConfigurationList;
			buildConfigurations = (
				139B42BC2EB05A8F00488752 /* Debug */,
				139B42BD2EB05A8F00488752 /* Release */,
			);
			defaultConfigurationIsVisible = 0;
			defaultConfigurationName = Release;
		};
		139B42B92EB05A8F00488752 /* Build configuration list for PBXNativeTarget "weatherApp" */ = {
			isa = XCConfigurationList;
			buildConfigurations = (
				139B42BA2EB05A8F00488752 /* Debug */,
				139B42BB2EB05A8F00488752 /* Release */,
			);
			defaultConfigurationIsVisible = 0;
			defaultConfigurationName = Release;
		};
		139B42BE2EB05A8F00488752 /* Build configuration list for PBXNativeTarget "weatherAppTests" */ = {
			isa = XCConfigurationList;
			buildConfigurations = (
				139B42BF2EB05A8F00488752 /* Debug */,
				139B42C02EB05A8F00488752 /* Release */,
			);
			defaultConfigurationIsVisible = 0;
			defaultConfigurationName = Release;
		};
		139B42C12EB05A8F00488752 /* Build configuration list for PBXNativeTarget "weatherAppUITests" */ = {
			isa = XCConfigurationList;
			buildConfigurations = (
				139B42C22EB05A8F00488752 /* Debug */,
				139B42C32EB05A8F00488752 /* Release */,
			);
			defaultConfigurationIsVisible = 0;
			defaultConfigurationName = Release;
		};
/* End XCConfigurationList section */
	};
	rootObject = 139B42882EB05A8B00488752 /* Project object */;
}
